
Microsoft Visual Studio Solution File, Format Version 12.00
# Visual Studio 15
VisualStudioVersion = 15.0.26403.0
MinimumVisualStudioVersion = 10.0.40219.1
Project("{FAE04EC0-301F-11D3-BF4B-00C04F79EFBC}") = "SkillTree.Core", "SkillTree.Core\SkillTree.Core.csproj", "{39F8572C-E0EF-4B8A-87BC-AFFCA9333AB8}"
EndProject
Project("{FAE04EC0-301F-11D3-BF4B-00C04F79EFBC}") = "SkillTree.Core.Tests", "SkillTree.Core.Tests\SkillTree.Core.Tests.csproj", "{585F8602-C51C-4E29-85AE-02F37468B864}"
EndProject
Global
	GlobalSection(SolutionConfigurationPlatforms) = preSolution
		Debug|Any CPU = Debug|Any CPU
		Release|Any CPU = Release|Any CPU
	EndGlobalSection
	GlobalSection(ProjectConfigurationPlatforms) = postSolution
		{39F8572C-E0EF-4B8A-87BC-AFFCA9333AB8}.Debug|Any CPU.ActiveCfg = Debug|Any CPU
		{39F8572C-E0EF-4B8A-87BC-AFFCA9333AB8}.Debug|Any CPU.Build.0 = Debug|Any CPU
		{39F8572C-E0EF-4B8A-87BC-AFFCA9333AB8}.Release|Any CPU.ActiveCfg = Release|Any CPU
		{39F8572C-E0EF-4B8A-87BC-AFFCA9333AB8}.Release|Any CPU.Build.0 = Release|Any CPU
		{585F8602-C51C-4E29-85AE-02F37468B864}.Debug|Any CPU.ActiveCfg = Debug|Any CPU
		{585F8602-C51C-4E29-85AE-02F37468B864}.Debug|Any CPU.Build.0 = Debug|Any CPU
		{585F8602-C51C-4E29-85AE-02F37468B864}.Release|Any CPU.ActiveCfg = Release|Any CPU
		{585F8602-C51C-4E29-85AE-02F37468B864}.Release|Any CPU.Build.0 = Release|Any CPU
	EndGlobalSection
	GlobalSection(SolutionProperties) = preSolution
		HideSolutionNode = FALSE
	EndGlobalSection
EndGlobal
